
Microsoft Visual Studio Solution File, Format Version 12.00
# Visual Studio Version 17
VisualStudioVersion = 17.14.36414.22 d17.14
MinimumVisualStudioVersion = 10.0.40219.1
Project("{FAE04EC0-301F-11D3-BF4B-00C04F79EFBC}") = "TestServer", "TestServer\TestServer.csproj", "{C988B982-5D0B-462E-8A86-3F3DE23C3051}"
EndProject
Global
	GlobalSection(SolutionConfigurationPlatforms) = preSolution
		Debug|Any CPU = Debug|Any CPU
		Release|Any CPU = Release|Any CPU
	EndGlobalSection
	GlobalSection(ProjectConfigurationPlatforms) = postSolution
		{C988B982-5D0B-462E-8A86-3F3DE23C3051}.Debug|Any CPU.ActiveCfg = Debug|Any CPU
		{C988B982-5D0B-462E-8A86-3F3DE23C3051}.Debug|Any CPU.Build.0 = Debug|Any CPU
		{C988B982-5D0B-462E-8A86-3F3DE23C3051}.Release|Any CPU.ActiveCfg = Release|Any CPU
		{C988B982-5D0B-462E-8A86-3F3DE23C3051}.Release|Any CPU.Build.0 = Release|Any CPU
	EndGlobalSection
	GlobalSection(SolutionProperties) = preSolution
		HideSolutionNode = FALSE
	EndGlobalSection
	GlobalSection(ExtensibilityGlobals) = postSolution
		SolutionGuid = {160ABD49-76CE-4135-A5B4-0255A196B690}
	EndGlobalSection
EndGlobal
